
Microsoft Visual Studio Solution File, Format Version 12.00
# Visual Studio 14
VisualStudioVersion = 14.0.25420.1
MinimumVisualStudioVersion = 10.0.40219.1
Project("{2150E333-8FDC-42A3-9474-1A3956D46DE8}") = "Solution Items", "Solution Items", "{55716587-4800-49C7-BD24-F1495DB83684}"
	ProjectSection(SolutionItems) = preProject
		global.json = global.json
	EndProjectSection
EndProject
Project("{2150E333-8FDC-42A3-9474-1A3956D46DE8}") = "src", "src", "{6F443036-DF53-4BF1-9C10-343F2BBD5DE8}"
EndProject
Project("{2150E333-8FDC-42A3-9474-1A3956D46DE8}") = "test", "test", "{31943D95-24A9-4E09-8475-9BDC6EC0E21C}"
EndProject
Project("{2150E333-8FDC-42A3-9474-1A3956D46DE8}") = "0 - Clients", "0 - Clients", "{58A26585-6A00-44FF-BA53-86AC53147061}"
EndProject
Project("{2150E333-8FDC-42A3-9474-1A3956D46DE8}") = "1 - Services", "1 - Services", "{5EAEE210-03CA-4464-84E8-510913E85E79}"
EndProject
Project("{2150E333-8FDC-42A3-9474-1A3956D46DE8}") = "2 - Engines", "2 - Engines", "{C4AB8249-5614-4FEB-AA26-3CE8EA39F1BC}"
EndProject
Project("{2150E333-8FDC-42A3-9474-1A3956D46DE8}") = "3 - Accessors", "3 - Accessors", "{354E4B7B-EF11-43AD-8C21-3481408E4E61}"
EndProject
Project("{2150E333-8FDC-42A3-9474-1A3956D46DE8}") = "4 - Core", "4 - Core", "{4FB7FEAF-0E3C-40C2-B183-C5FB663DB217}"
EndProject
Project("{2150E333-8FDC-42A3-9474-1A3956D46DE8}") = "5 - Utility", "5 - Utility", "{71C01589-ABC2-4BD9-9B6C-700E0CA72BF9}"
EndProject
Project("{8BB2217D-0F2D-49D1-97BC-3654ED321F3B}") = "PinNotes.Accessors.Domain", "src\3 - Accessors\PinNotes.Accessors.Domain\PinNotes.Accessors.Domain.xproj", "{77775782-7249-4403-8A54-3A4A0DD64E47}"
EndProject
Project("{2150E333-8FDC-42A3-9474-1A3956D46DE8}") = "Unit", "Unit", "{24718ACD-3645-45BD-8E7F-F2B4683DB139}"
EndProject
Project("{8BB2217D-0F2D-49D1-97BC-3654ED321F3B}") = "PinNotes.Accessors.Domain.Tests", "test\Unit\PinNotes.Accessors.Domain.Tests\PinNotes.Accessors.Domain.Tests.xproj", "{A555B1EF-1134-47E2-A769-B8C3093D9140}"
EndProject
Global
	GlobalSection(SolutionConfigurationPlatforms) = preSolution
		Debug|Any CPU = Debug|Any CPU
		Release|Any CPU = Release|Any CPU
	EndGlobalSection
	GlobalSection(ProjectConfigurationPlatforms) = postSolution
		{77775782-7249-4403-8A54-3A4A0DD64E47}.Debug|Any CPU.ActiveCfg = Debug|Any CPU
		{77775782-7249-4403-8A54-3A4A0DD64E47}.Debug|Any CPU.Build.0 = Debug|Any CPU
		{77775782-7249-4403-8A54-3A4A0DD64E47}.Release|Any CPU.ActiveCfg = Release|Any CPU
		{77775782-7249-4403-8A54-3A4A0DD64E47}.Release|Any CPU.Build.0 = Release|Any CPU
		{A555B1EF-1134-47E2-A769-B8C3093D9140}.Debug|Any CPU.ActiveCfg = Debug|Any CPU
		{A555B1EF-1134-47E2-A769-B8C3093D9140}.Debug|Any CPU.Build.0 = Debug|Any CPU
		{A555B1EF-1134-47E2-A769-B8C3093D9140}.Release|Any CPU.ActiveCfg = Release|Any CPU
		{A555B1EF-1134-47E2-A769-B8C3093D9140}.Release|Any CPU.Build.0 = Release|Any CPU
	EndGlobalSection
	GlobalSection(SolutionProperties) = preSolution
		HideSolutionNode = FALSE
	EndGlobalSection
	GlobalSection(NestedProjects) = preSolution
		{58A26585-6A00-44FF-BA53-86AC53147061} = {6F443036-DF53-4BF1-9C10-343F2BBD5DE8}
		{5EAEE210-03CA-4464-84E8-510913E85E79} = {6F443036-DF53-4BF1-9C10-343F2BBD5DE8}
		{C4AB8249-5614-4FEB-AA26-3CE8EA39F1BC} = {6F443036-DF53-4BF1-9C10-343F2BBD5DE8}
		{354E4B7B-EF11-43AD-8C21-3481408E4E61} = {6F443036-DF53-4BF1-9C10-343F2BBD5DE8}
		{4FB7FEAF-0E3C-40C2-B183-C5FB663DB217} = {6F443036-DF53-4BF1-9C10-343F2BBD5DE8}
		{71C01589-ABC2-4BD9-9B6C-700E0CA72BF9} = {6F443036-DF53-4BF1-9C10-343F2BBD5DE8}
		{77775782-7249-4403-8A54-3A4A0DD64E47} = {354E4B7B-EF11-43AD-8C21-3481408E4E61}
		{24718ACD-3645-45BD-8E7F-F2B4683DB139} = {31943D95-24A9-4E09-8475-9BDC6EC0E21C}
		{A555B1EF-1134-47E2-A769-B8C3093D9140} = {24718ACD-3645-45BD-8E7F-F2B4683DB139}
	EndGlobalSection
EndGlobal
